// !$*UTF8*$!
{
	archiveVersion = 1;
	classes = {
	};
	objectVersion = 46;
	objects = {

/* Begin PBXBuildFile section */
		523862AD1545B9A500985797 /* UIKit.framework in Frameworks */ = {isa = PBXBuildFile; fileRef = 523862AC1545B9A400985797 /* UIKit.framework */; };
		523862AF1545B9A500985797 /* Foundation.framework in Frameworks */ = {isa = PBXBuildFile; fileRef = 523862AE1545B9A500985797 /* Foundation.framework */; };
		523862B11545B9A500985797 /* CoreGraphics.framework in Frameworks */ = {isa = PBXBuildFile; fileRef = 523862B01545B9A500985797 /* CoreGraphics.framework */; };
		523862B71545B9A500985797 /* InfoPlist.strings in Resources */ = {isa = PBXBuildFile; fileRef = 523862B51545B9A500985797 /* InfoPlist.strings */; };
		523862B91545B9A500985797 /* main.m in Sources */ = {isa = PBXBuildFile; fileRef = 523862B81545B9A500985797 /* main.m */; };
		523862BD1545B9A500985797 /* shAntiAppDelegate.m in Sources */ = {isa = PBXBuildFile; fileRef = 523862BC1545B9A500985797 /* shAntiAppDelegate.m */; };
		523862C01545B9A500985797 /* shAntiViewController.m in Sources */ = {isa = PBXBuildFile; fileRef = 523862BF1545B9A500985797 /* shAntiViewController.m */; };
		523862C31545B9A500985797 /* shAntiViewController.xib in Resources */ = {isa = PBXBuildFile; fileRef = 523862C11545B9A500985797 /* shAntiViewController.xib */; };
/* End PBXBuildFile section */

/* Begin PBXFileReference section */
		523862A81545B9A400985797 /* shAnti.app */ = {isa = PBXFileReference; explicitFileType = wrapper.application; includeInIndex = 0; path = shAnti.app; sourceTree = BUILT_PRODUCTS_DIR; };
		523862AC1545B9A400985797 /* UIKit.framework */ = {isa = PBXFileReference; lastKnownFileType = wrapper.framework; name = UIKit.framework; path = System/Library/Frameworks/UIKit.framework; sourceTree = SDKROOT; };
		523862AE1545B9A500985797 /* Foundation.framework */ = {isa = PBXFileReference; lastKnownFileType = wrapper.framework; name = Foundation.framework; path = System/Library/Frameworks/Foundation.framework; sourceTree = SDKROOT; };
		523862B01545B9A500985797 /* CoreGraphics.framework */ = {isa = PBXFileReference; lastKnownFileType = wrapper.framework; name = CoreGraphics.framework; path = System/Library/Frameworks/CoreGraphics.framework; sourceTree = SDKROOT; };
		523862B41545B9A500985797 /* shAnti-Info.plist */ = {isa = PBXFileReference; path = "shAnti-Info.plist"; sourceTree = "<group>"; };
		523862B61545B9A500985797 /* en */ = {isa = PBXFileReference; lastKnownFileType = text.plist.strings; name = en; path = en.lproj/InfoPlist.strings; sourceTree = "<group>"; };
		523862B81545B9A500985797 /* main.m */ = {isa = PBXFileReference; lastKnownFileType = sourcecode.c.objc; path = main.m; sourceTree = "<group>"; };
		523862BA1545B9A500985797 /* shAnti-Prefix.pch */ = {isa = PBXFileReference; path = "shAnti-Prefix.pch"; sourceTree = "<group>"; };
		523862BB1545B9A500985797 /* shAntiAppDelegate.h */ = {isa = PBXFileReference; path = shAntiAppDelegate.h; sourceTree = "<group>"; };
		523862BC1545B9A500985797 /* shAntiAppDelegate.m */ = {isa = PBXFileReference; lastKnownFileType = sourcecode.c.objc; path = shAntiAppDelegate.m; sourceTree = "<group>"; };
		523862BE1545B9A500985797 /* shAntiViewController.h */ = {isa = PBXFileReference; path = shAntiViewController.h; sourceTree = "<group>"; };
		523862BF1545B9A500985797 /* shAntiViewController.m */ = {isa = PBXFileReference; lastKnownFileType = sourcecode.c.objc; path = shAntiViewController.m; sourceTree = "<group>"; };
		523862C21545B9A500985797 /* en */ = {isa = PBXFileReference; lastKnownFileType = file.xib; name = en; path = en.lproj/shAntiViewController.xib; sourceTree = "<group>"; };
/* End PBXFileReference section */

/* Begin PBXFrameworksBuildPhase section */
		523862A51545B9A400985797 /* Frameworks */ = {
			isa = PBXFrameworksBuildPhase;
			buildActionMask = 2147483647;
			files = (
				523862AD1545B9A500985797 /* UIKit.framework in Frameworks */,
				523862AF1545B9A500985797 /* Foundation.framework in Frameworks */,
				523862B11545B9A500985797 /* CoreGraphics.framework in Frameworks */,
			);
			runOnlyForDeploymentPostprocessing = 0;
		};
/* End PBXFrameworksBuildPhase section */

/* Begin PBXGroup section */
		5238629D1545B9A400985797 = {
			isa = PBXGroup;
			children = (
				523862B21545B9A500985797 /* shAnti */,
				523862AB1545B9A400985797 /* Frameworks */,
				523862A91545B9A400985797 /* Products */,
			);
			sourceTree = "<group>";
		};
		523862A91545B9A400985797 /* Products */ = {
			isa = PBXGroup;
			children = (
				523862A81545B9A400985797 /* shAnti.app */,
			);
			name = Products;
			sourceTree = "<group>";
		};
		523862AB1545B9A400985797 /* Frameworks */ = {
			isa = PBXGroup;
			children = (
				523862AC1545B9A400985797 /* UIKit.framework */,
				523862AE1545B9A500985797 /* Foundation.framework */,
				523862B01545B9A500985797 /* CoreGraphics.framework */,
			);
			name = Frameworks;
			sourceTree = "<group>";
		};
		523862B21545B9A500985797 /* shAnti */ = {
			isa = PBXGroup;
			children = (
				523862BB1545B9A500985797 /* shAntiAppDelegate.h */,
				523862BC1545B9A500985797 /* shAntiAppDelegate.m */,
				523862BE1545B9A500985797 /* shAntiViewController.h */,
				523862BF1545B9A500985797 /* shAntiViewController.m */,
				523862C11545B9A500985797 /* shAntiViewController.xib */,
				523862B31545B9A500985797 /* Supporting Files */,
			);
			path = shAnti;
			sourceTree = "<group>";
		};
		523862B31545B9A500985797 /* Supporting Files */ = {
			isa = PBXGroup;
			children = (
				523862B41545B9A500985797 /* shAnti-Info.plist */,
				523862B51545B9A500985797 /* InfoPlist.strings */,
				523862B81545B9A500985797 /* main.m */,
				523862BA1545B9A500985797 /* shAnti-Prefix.pch */,
			);
			name = "Supporting Files";
			sourceTree = "<group>";
		};
/* End PBXGroup section */

/* Begin PBXNativeTarget section */
		523862A71545B9A400985797 /* shAnti */ = {
			isa = PBXNativeTarget;
			buildConfigurationList = 523862C61545B9A500985797 /* Build configuration list for PBXNativeTarget "shAnti" */;
			buildPhases = (
				523862A41545B9A400985797 /* Sources */,
				523862A51545B9A400985797 /* Frameworks */,
				523862A61545B9A400985797 /* Resources */,
			);
			buildRules = (
			);
			dependencies = (
			);
			name = shAnti;
			productName = shAnti;
			productReference = 523862A81545B9A400985797 /* shAnti.app */;
			productType = "com.apple.product-type.application";
		};
/* End PBXNativeTarget section */

/* Begin PBXProject section */
		5238629F1545B9A400985797 /* Project object */ = {
			isa = PBXProject;
			attributes = {
				CLASSPREFIX = shAnti;
				LastUpgradeCheck = 0430;
			};
			buildConfigurationList = 523862A21545B9A400985797 /* Build configuration list for PBXProject "shAnti" */;
			compatibilityVersion = "Xcode 3.2";
			developmentRegion = English;
			hasScannedForEncodings = 0;
			knownRegions = (
				en,
			);
			mainGroup = 5238629D1545B9A400985797;
			productRefGroup = 523862A91545B9A400985797 /* Products */;
			projectDirPath = "";
			projectRoot = "";
			targets = (
				523862A71545B9A400985797 /* shAnti */,
			);
		};
/* End PBXProject section */

/* Begin PBXResourcesBuildPhase section */
		523862A61545B9A400985797 /* Resources */ = {
			isa = PBXResourcesBuildPhase;
			buildActionMask = 2147483647;
			files = (
				523862B71545B9A500985797 /* InfoPlist.strings in Resources */,
				523862C31545B9A500985797 /* shAntiViewController.xib in Resources */,
			);
			runOnlyForDeploymentPostprocessing = 0;
		};
/* End PBXResourcesBuildPhase section */

/* Begin PBXSourcesBuildPhase section */
		523862A41545B9A400985797 /* Sources */ = {
			isa = PBXSourcesBuildPhase;
			buildActionMask = 2147483647;
			files = (
				523862B91545B9A500985797 /* main.m in Sources */,
				523862BD1545B9A500985797 /* shAntiAppDelegate.m in Sources */,
				523862C01545B9A500985797 /* shAntiViewController.m in Sources */,
			);
			runOnlyForDeploymentPostprocessing = 0;
		};
/* End PBXSourcesBuildPhase section */

/* Begin PBXVariantGroup section */
		523862B51545B9A500985797 /* InfoPlist.strings */ = {
			isa = PBXVariantGroup;
			children = (
				523862B61545B9A500985797 /* en */,
			);
			name = InfoPlist.strings;
			sourceTree = "<group>";
		};
		523862C11545B9A500985797 /* shAntiViewController.xib */ = {
			isa = PBXVariantGroup;
			children = (
				523862C21545B9A500985797 /* en */,
			);
			name = shAntiViewController.xib;
			sourceTree = "<group>";
		};
/* End PBXVariantGroup section */

/* Begin XCBuildConfiguration section */
		523862C41545B9A500985797 /* Debug */ = {
			isa = XCBuildConfiguration;
			buildSettings = {
				ALWAYS_SEARCH_USER_PATHS = NO;
				ARCHS = "$(ARCHS_STANDARD_32_BIT)";
				"CODE_SIGN_IDENTITY[sdk=iphoneos*]" = "iPhone Developer";
				COPY_PHASE_STRIP = NO;
				GCC_C_LANGUAGE_STANDARD = gnu99;
				GCC_DYNAMIC_NO_PIC = NO;
				GCC_OPTIMIZATION_LEVEL = 0;
				GCC_PREPROCESSOR_DEFINITIONS = (
					"DEBUG=1",
					"$(inherited)",
				);
				GCC_SYMBOLS_PRIVATE_EXTERN = NO;
				GCC_VERSION = com.apple.compilers.llvm.clang.1_0;
				GCC_WARN_ABOUT_RETURN_TYPE = YES;
				GCC_WARN_UNINITIALIZED_AUTOS = YES;
				GCC_WARN_UNUSED_VARIABLE = YES;
				IPHONEOS_DEPLOYMENT_TARGET = 5.1;
				SDKROOT = iphoneos;
			};
			name = Debug;
		};
		523862C51545B9A500985797 /* Release */ = {
			isa = XCBuildConfiguration;
			buildSettings = {
				ALWAYS_SEARCH_USER_PATHS = NO;
				ARCHS = "$(ARCHS_STANDARD_32_BIT)";
				"CODE_SIGN_IDENTITY[sdk=iphoneos*]" = "iPhone Developer";
				COPY_PHASE_STRIP = YES;
				GCC_C_LANGUAGE_STANDARD = gnu99;
				GCC_VERSION = com.apple.compilers.llvm.clang.1_0;
				GCC_WARN_ABOUT_RETURN_TYPE = YES;
				GCC_WARN_UNINITIALIZED_AUTOS = YES;
				GCC_WARN_UNUSED_VARIABLE = YES;
				IPHONEOS_DEPLOYMENT_TARGET = 5.1;
				OTHER_CFLAGS = "-DNS_BLOCK_ASSERTIONS=1";
				SDKROOT = iphoneos;
				VALIDATE_PRODUCT = YES;
			};
			name = Release;
		};
		523862C71545B9A500985797 /* Debug */ = {
			isa = XCBuildConfiguration;
			buildSettings = {
				GCC_PRECOMPILE_PREFIX_HEADER = YES;
				GCC_PREFIX_HEADER = "shAnti/shAnti-Prefix.pch";
				INFOPLIST_FILE = "shAnti/shAnti-Info.plist";
				PRODUCT_NAME = "$(TARGET_NAME)";
				WRAPPER_EXTENSION = app;
			};
			name = Debug;
		};
		523862C81545B9A500985797 /* Release */ = {
			isa = XCBuildConfiguration;
			buildSettings = {
				GCC_PRECOMPILE_PREFIX_HEADER = YES;
				GCC_PREFIX_HEADER = "shAnti/shAnti-Prefix.pch";
				INFOPLIST_FILE = "shAnti/shAnti-Info.plist";
				PRODUCT_NAME = "$(TARGET_NAME)";
				WRAPPER_EXTENSION = app;
			};
			name = Release;
		};
/* End XCBuildConfiguration section */

/* Begin XCConfigurationList section */
		523862A21545B9A400985797 /* Build configuration list for PBXProject "shAnti" */ = {
			isa = XCConfigurationList;
			buildConfigurations = (
				523862C41545B9A500985797 /* Debug */,
				523862C51545B9A500985797 /* Release */,
			);
			defaultConfigurationIsVisible = 0;
			defaultConfigurationName = Release;
		};
		523862C61545B9A500985797 /* Build configuration list for PBXNativeTarget "shAnti" */ = {
			isa = XCConfigurationList;
			buildConfigurations = (
				523862C71545B9A500985797 /* Debug */,
				523862C81545B9A500985797 /* Release */,
			);
			defaultConfigurationIsVisible = 0;
		};
/* End XCConfigurationList section */
	};
	rootObject = 5238629F1545B9A400985797 /* Project object */;
}
